{
  "name": "ajs-node",
  "version": "1.0.0",
  "lockfileVersion": 1,
  "requires": true,
  "dependencies": {
    "@tatiana0325/ajs": {
      "version": "1.0.0",
      "resolved": "https://npm.pkg.github.com/download/@tatiana0325/ajs/1.0.0/29ebcdcff49d774079e9a57bc0e43f23d8f5342540d4994c3c74f7c85f9d7377",
      "integrity": "sha512-qW9LP23k9+vTZF1KijAT+PssZ5YxoP/b6opEoz5la+aSWDtC9wJPieIhvMzLM1DkI7vub3oaRY0WL+U2huCOFw=="
    }
  }
}
